
Microsoft Visual Studio Solution File, Format Version 12.00
# Visual Studio Version 16
VisualStudioVersion = 16.0.28803.352
MinimumVisualStudioVersion = 10.0.40219.1
Project("{FAE04EC0-301F-11D3-BF4B-00C04F79EFBC}") = "nzxtsharp-diagnostic-util", "nzxtsharp-diagnostic-util\nzxtsharp-diagnostic-util.csproj", "{D7EA6901-A1F3-4794-B992-29B1CAEDE51A}"
EndProject
Global
	GlobalSection(SolutionConfigurationPlatforms) = preSolution
		Debug|Any CPU = Debug|Any CPU
		Release|Any CPU = Release|Any CPU
	EndGlobalSection
	GlobalSection(ProjectConfigurationPlatforms) = postSolution
		{D7EA6901-A1F3-4794-B992-29B1CAEDE51A}.Debug|Any CPU.ActiveCfg = Debug|Any CPU
		{D7EA6901-A1F3-4794-B992-29B1CAEDE51A}.Debug|Any CPU.Build.0 = Debug|Any CPU
		{D7EA6901-A1F3-4794-B992-29B1CAEDE51A}.Release|Any CPU.ActiveCfg = Release|Any CPU
		{D7EA6901-A1F3-4794-B992-29B1CAEDE51A}.Release|Any CPU.Build.0 = Release|Any CPU
	EndGlobalSection
	GlobalSection(SolutionProperties) = preSolution
		HideSolutionNode = FALSE
	EndGlobalSection
	GlobalSection(ExtensibilityGlobals) = postSolution
		SolutionGuid = {B4E35339-BB56-4435-B167-2A5193BB4A75}
	EndGlobalSection
EndGlobal
